{
    "_readme": [
        "This file locks the dependencies of your project to a known state",
        "Read more about it at https://getcomposer.org/doc/01-basic-usage.md#installing-dependencies",
        "This file is @generated automatically"
    ],
    "content-hash": "8e94146d169155188e0ce7df3a4b9407",
    "packages": [
        {
            "name": "openai/openai",
            "version": "dev-main",
            "source": {
                "type": "git",
                "url": "https://github.com/chicodgtal/openai.git",
                "reference": "3943a54d2a974d4b3246842846cb0cf4414aa308"
            },
            "dist": {
                "type": "zip",
                "url": "https://api.github.com/repos/chicodgtal/openai/zipball/3943a54d2a974d4b3246842846cb0cf4414aa308",
                "reference": "3943a54d2a974d4b3246842846cb0cf4414aa308",
                "shasum": ""
            },
            "default-branch": true,
            "type": "library",
            "notification-url": "https://packagist.org/downloads/",
            "license": [
                "MIT"
            ],
            "authors": [
                {
                    "name": "Chico",
                    "email": "chico@chicodgtal.com.br"
                }
            ],
            "description": "ai integracao",
            "support": {
                "issues": "https://github.com/chicodgtal/openai/issues",
                "source": "https://github.com/chicodgtal/openai/tree/main"
            },
            "time": "2023-03-12T12:19:36+00:00"
        }
    ],
    "packages-dev": [],
    "aliases": [],
    "minimum-stability": "stable",
    "stability-flags": {
        "openai/openai": 20
    },
    "prefer-stable": false,
    "prefer-lowest": false,
    "platform": [],
    "platform-dev": [],
    "plugin-api-version": "2.6.0"
}
